
Microsoft Visual Studio Solution File, Format Version 12.00
# Visual Studio 15
VisualStudioVersion = 15.0.27130.2036
MinimumVisualStudioVersion = 10.0.40219.1
Project("{FAE04EC0-301F-11D3-BF4B-00C04F79EFBC}") = "Models", "Modelos\Models.csproj", "{47A993D9-E924-42F8-9377-C2525E5B87BC}"
EndProject
Project("{FAE04EC0-301F-11D3-BF4B-00C04F79EFBC}") = "Controllers", "Controllers\Controllers.csproj", "{C160925F-EEC2-4350-9D4E-1691D27F478A}"
EndProject
Project("{FAE04EC0-301F-11D3-BF4B-00C04F79EFBC}") = "View", "View\View.csproj", "{109C4238-1C09-417B-9D67-9CA17C4D3F78}"
EndProject
Global
	GlobalSection(SolutionConfigurationPlatforms) = preSolution
		Debug|Any CPU = Debug|Any CPU
		Release|Any CPU = Release|Any CPU
	EndGlobalSection
	GlobalSection(ProjectConfigurationPlatforms) = postSolution
		{47A993D9-E924-42F8-9377-C2525E5B87BC}.Debug|Any CPU.ActiveCfg = Debug|Any CPU
		{47A993D9-E924-42F8-9377-C2525E5B87BC}.Debug|Any CPU.Build.0 = Debug|Any CPU
		{47A993D9-E924-42F8-9377-C2525E5B87BC}.Release|Any CPU.ActiveCfg = Release|Any CPU
		{47A993D9-E924-42F8-9377-C2525E5B87BC}.Release|Any CPU.Build.0 = Release|Any CPU
		{C160925F-EEC2-4350-9D4E-1691D27F478A}.Debug|Any CPU.ActiveCfg = Debug|Any CPU
		{C160925F-EEC2-4350-9D4E-1691D27F478A}.Debug|Any CPU.Build.0 = Debug|Any CPU
		{C160925F-EEC2-4350-9D4E-1691D27F478A}.Release|Any CPU.ActiveCfg = Release|Any CPU
		{C160925F-EEC2-4350-9D4E-1691D27F478A}.Release|Any CPU.Build.0 = Release|Any CPU
		{109C4238-1C09-417B-9D67-9CA17C4D3F78}.Debug|Any CPU.ActiveCfg = Debug|Any CPU
		{109C4238-1C09-417B-9D67-9CA17C4D3F78}.Debug|Any CPU.Build.0 = Debug|Any CPU
		{109C4238-1C09-417B-9D67-9CA17C4D3F78}.Release|Any CPU.ActiveCfg = Release|Any CPU
		{109C4238-1C09-417B-9D67-9CA17C4D3F78}.Release|Any CPU.Build.0 = Release|Any CPU
	EndGlobalSection
	GlobalSection(SolutionProperties) = preSolution
		HideSolutionNode = FALSE
	EndGlobalSection
	GlobalSection(ExtensibilityGlobals) = postSolution
		SolutionGuid = {AA4FFDB1-08BB-4C89-B447-572C80C87A55}
	EndGlobalSection
EndGlobal
